
Microsoft Visual Studio Solution File, Format Version 11.00
# Visual Studio 2010
Project("{FAE04EC0-301F-11D3-BF4B-00C04F79EFBC}") = "Assembly-CSharp-Editor", "Assembly-CSharp-Editor.csproj", "{725ebc61-87c8-a8cc-6fbc-accfe2274200}"
EndProject
Project("{FAE04EC0-301F-11D3-BF4B-00C04F79EFBC}") = "Assembly-CSharp", "Assembly-CSharp.csproj", "{a164adef-8d4a-05b0-0823-134ddcb631d6}"
EndProject
Global
	GlobalSection(SolutionConfigurationPlatforms) = preSolution
		Debug|Any CPU = Debug|Any CPU
	EndGlobalSection
	GlobalSection(ProjectConfigurationPlatforms) = postSolution
		{725ebc61-87c8-a8cc-6fbc-accfe2274200}.Debug|Any CPU.ActiveCfg = Debug|Any CPU
		{725ebc61-87c8-a8cc-6fbc-accfe2274200}.Debug|Any CPU.Build.0 = Debug|Any CPU
		{a164adef-8d4a-05b0-0823-134ddcb631d6}.Debug|Any CPU.ActiveCfg = Debug|Any CPU
		{a164adef-8d4a-05b0-0823-134ddcb631d6}.Debug|Any CPU.Build.0 = Debug|Any CPU
	EndGlobalSection
	GlobalSection(SolutionProperties) = preSolution
		HideSolutionNode = FALSE
	EndGlobalSection
EndGlobal
